
Microsoft Visual Studio Solution File, Format Version 12.00
# Visual Studio Version 16
VisualStudioVersion = 16.0.810.14
MinimumVisualStudioVersion = 10.0.40219.1
Project("{FAE04EC0-301F-11D3-BF4B-00C04F79EFBC}") = "NewTask2", "NewTask2\NewTask2.csproj", "{ECBA2833-67F6-4088-BA9C-DDE08B821884}"
EndProject
Global
	GlobalSection(SolutionConfigurationPlatforms) = preSolution
		Debug|Any CPU = Debug|Any CPU
		Release|Any CPU = Release|Any CPU
	EndGlobalSection
	GlobalSection(ProjectConfigurationPlatforms) = postSolution
		{ECBA2833-67F6-4088-BA9C-DDE08B821884}.Debug|Any CPU.ActiveCfg = Debug|Any CPU
		{ECBA2833-67F6-4088-BA9C-DDE08B821884}.Debug|Any CPU.Build.0 = Debug|Any CPU
		{ECBA2833-67F6-4088-BA9C-DDE08B821884}.Release|Any CPU.ActiveCfg = Release|Any CPU
		{ECBA2833-67F6-4088-BA9C-DDE08B821884}.Release|Any CPU.Build.0 = Release|Any CPU
	EndGlobalSection
	GlobalSection(SolutionProperties) = preSolution
		HideSolutionNode = FALSE
	EndGlobalSection
	GlobalSection(ExtensibilityGlobals) = postSolution
		SolutionGuid = {8A9C689E-BEF1-459E-9E14-D0437F126A9E}
	EndGlobalSection
EndGlobal
